dependencies:
  espressif/esp_websocket_client:
    component_hash: c5a067a9fddea370c478017e66fac302f4b79c3d4027e9bdd42a019786cceb92
    dependencies:
    - name: idf
      require: private
      version: '>=5.0'
    source:
      registry_url: https://components.espressif.com/
      type: service
    version: 1.6.1
  espressif/led_strip:
    component_hash: 28c6509a727ef74925b372ed404772aeedf11cce10b78c3f69b3c66799095e2d
    dependencies:
    - name: idf
      require: private
      version: '>=4.4'
    source:
      registry_url: https://components.espressif.com/
      type: service
    version: 2.5.5
  idf:
    source:
      type: idf
    version: 5.3.1
direct_dependencies:
- espressif/esp_websocket_client
- espressif/led_strip
- idf
manifest_hash: 58f028f6b0d99fcdfe1ef4a6bcfd7a234620defe02eb9263e8ebdb6d3ed5fcc0
target: esp32s3
version: 2.0.0
